
Microsoft Visual Studio Solution File, Format Version 12.00
# Visual Studio Version 16
VisualStudioVersion = 16.0.30717.126
MinimumVisualStudioVersion = 10.0.40219.1
Project("{FAE04EC0-301F-11D3-BF4B-00C04F79EFBC}") = "Billetera-Virtual", "Billetera-Virtual\Billetera-Virtual.csproj", "{0A62EA51-EF96-499C-86AF-4CD36E322DF7}"
EndProject
Global
	GlobalSection(SolutionConfigurationPlatforms) = preSolution
		Debug|Any CPU = Debug|Any CPU
		Release|Any CPU = Release|Any CPU
	EndGlobalSection
	GlobalSection(ProjectConfigurationPlatforms) = postSolution
		{0A62EA51-EF96-499C-86AF-4CD36E322DF7}.Debug|Any CPU.ActiveCfg = Debug|Any CPU
		{0A62EA51-EF96-499C-86AF-4CD36E322DF7}.Debug|Any CPU.Build.0 = Debug|Any CPU
		{0A62EA51-EF96-499C-86AF-4CD36E322DF7}.Release|Any CPU.ActiveCfg = Release|Any CPU
		{0A62EA51-EF96-499C-86AF-4CD36E322DF7}.Release|Any CPU.Build.0 = Release|Any CPU
	EndGlobalSection
	GlobalSection(SolutionProperties) = preSolution
		HideSolutionNode = FALSE
	EndGlobalSection
	GlobalSection(ExtensibilityGlobals) = postSolution
		SolutionGuid = {EBA96D28-8FE4-426E-8C8D-E50ACEFE49C9}
	EndGlobalSection
EndGlobal
